
Microsoft Visual Studio Solution File, Format Version 12.00
# Visual Studio Version 16
VisualStudioVersion = 25.0.1706.0
MinimumVisualStudioVersion = 10.0.40219.1
Project("{FAE04EC0-301F-11D3-BF4B-00C04F79EFBC}") = "avitoBot", "avitoBot\avitoBot.csproj", "{11C6DDD9-5DD9-4B1D-92DA-1F4702BDD117}"
EndProject
Global
	GlobalSection(SolutionConfigurationPlatforms) = preSolution
		Debug|Any CPU = Debug|Any CPU
		Release|Any CPU = Release|Any CPU
	EndGlobalSection
	GlobalSection(ProjectConfigurationPlatforms) = postSolution
		{11C6DDD9-5DD9-4B1D-92DA-1F4702BDD117}.Debug|Any CPU.ActiveCfg = Debug|Any CPU
		{11C6DDD9-5DD9-4B1D-92DA-1F4702BDD117}.Debug|Any CPU.Build.0 = Debug|Any CPU
		{11C6DDD9-5DD9-4B1D-92DA-1F4702BDD117}.Release|Any CPU.ActiveCfg = Release|Any CPU
		{11C6DDD9-5DD9-4B1D-92DA-1F4702BDD117}.Release|Any CPU.Build.0 = Release|Any CPU
	EndGlobalSection
	GlobalSection(SolutionProperties) = preSolution
		HideSolutionNode = FALSE
	EndGlobalSection
	GlobalSection(ExtensibilityGlobals) = postSolution
		SolutionGuid = {1E07F4DB-94CA-45A5-8C68-C93D75180C46}
	EndGlobalSection
EndGlobal
